dependencies:
- name: harbor
  repository: https://helm.goharbor.io
  version: 1.18.3
- name: pulsar
  repository: https://pulsar.apache.org/charts
  version: 4.5.0
- name: minio
  repository: https://charts.bitnami.com/bitnami
  version: 17.0.21
- name: ingress-nginx
  repository: https://kubernetes.github.io/ingress-nginx
  version: 4.15.1
digest: sha256:84bc2440bc4f0db3b72abf36fdc1cb47cb282848affd606398be5cbec4cb1d7d
generated: "2026-04-17T09:43:24.576538-04:00"
